// !$*UTF8*$!
{
	archiveVersion = 1;
	classes = {
	};
	objectVersion = 51;
	objects = {

/* Begin PBXBuildFile section */
		32AEDE75EC8850EEAD08AF6A /* Pods_Aspasia.framework in Frameworks */ = {isa = PBXBuildFile; fileRef = 1F9B5DAC6C7BBAA2F633285E /* Pods_Aspasia.framework */; };
		D3774A17264C0113007D85E8 /* AppDelegate.swift in Sources */ = {isa = PBXBuildFile; fileRef = D3774A16264C0113007D85E8 /* AppDelegate.swift */; };
		D3774A19264C0113007D85E8 /* SceneDelegate.swift in Sources */ = {isa = PBXBuildFile; fileRef = D3774A18264C0113007D85E8 /* SceneDelegate.swift */; };
		D3774A1B264C0113007D85E8 /* SplashViewController.swift in Sources */ = {isa = PBXBuildFile; fileRef = D3774A1A264C0113007D85E8 /* SplashViewController.swift */; };
		D3774A21264C0113007D85E8 /* Aspasia.xcdatamodeld in Sources */ = {isa = PBXBuildFile; fileRef = D3774A1F264C0113007D85E8 /* Aspasia.xcdatamodeld */; };
		D3774A23264C0114007D85E8 /* Assets.xcassets in Resources */ = {isa = PBXBuildFile; fileRef = D3774A22264C0114007D85E8 /* Assets.xcassets */; };
		D3774A26264C0114007D85E8 /* LaunchScreen.storyboard in Resources */ = {isa = PBXBuildFile; fileRef = D3774A24264C0114007D85E8 /* LaunchScreen.storyboard */; };
		D3962CFF267CBF0E0008A325 /* HomeViewController.swift in Sources */ = {isa = PBXBuildFile; fileRef = D3962CFE267CBF0E0008A325 /* HomeViewController.swift */; };
		D3962D05267CC1660008A325 /* VStackView.swift in Sources */ = {isa = PBXBuildFile; fileRef = D3962D04267CC1660008A325 /* VStackView.swift */; };
		D3962D07267CCD0A0008A325 /* VStackScroll.swift in Sources */ = {isa = PBXBuildFile; fileRef = D3962D06267CCD0A0008A325 /* VStackScroll.swift */; };
		D3B4B3B126AED6D50000147F /* Stackable.swift in Sources */ = {isa = PBXBuildFile; fileRef = D3B4B3B026AED6D50000147F /* Stackable.swift */; };
		D3B4B3B326AED7080000147F /* HStackView.swift in Sources */ = {isa = PBXBuildFile; fileRef = D3B4B3B226AED7080000147F /* HStackView.swift */; };
		D3B4B3B526AEDC9E0000147F /* RootTabBarController.swift in Sources */ = {isa = PBXBuildFile; fileRef = D3B4B3B426AEDC9E0000147F /* RootTabBarController.swift */; };
		D3B4B3B726AEDD110000147F /* HomeNavigationController.swift in Sources */ = {isa = PBXBuildFile; fileRef = D3B4B3B626AEDD110000147F /* HomeNavigationController.swift */; };
/* End PBXBuildFile section */

/* Begin PBXFileReference section */
		1F9B5DAC6C7BBAA2F633285E /* Pods_Aspasia.framework */ = {isa = PBXFileReference; explicitFileType = wrapper.framework; includeInIndex = 0; path = Pods_Aspasia.framework; sourceTree = BUILT_PRODUCTS_DIR; };
		84A3E1078BA4938B90AA76EA /* Pods-Aspasia.debug.xcconfig */ = {isa = PBXFileReference; includeInIndex = 1; lastKnownFileType = text.xcconfig; name = "Pods-Aspasia.debug.xcconfig"; path = "Target Support Files/Pods-Aspasia/Pods-Aspasia.debug.xcconfig"; sourceTree = "<group>"; };
		8C2BDF2B6D4041E6C474D456 /* Pods-Aspasia.release.xcconfig */ = {isa = PBXFileReference; includeInIndex = 1; lastKnownFileType = text.xcconfig; name = "Pods-Aspasia.release.xcconfig"; path = "Target Support Files/Pods-Aspasia/Pods-Aspasia.release.xcconfig"; sourceTree = "<group>"; };
		D3774A13264C0113007D85E8 /* Aspasia.app */ = {isa = PBXFileReference; explicitFileType = wrapper.application; includeInIndex = 0; path = Aspasia.app; sourceTree = BUILT_PRODUCTS_DIR; };
		D3774A16264C0113007D85E8 /* AppDelegate.swift */ = {isa = PBXFileReference; lastKnownFileType = sourcecode.swift; path = AppDelegate.swift; sourceTree = "<group>"; };
		D3774A18264C0113007D85E8 /* SceneDelegate.swift */ = {isa = PBXFileReference; lastKnownFileType = sourcecode.swift; path = SceneDelegate.swift; sourceTree = "<group>"; };
		D3774A1A264C0113007D85E8 /* SplashViewController.swift */ = {isa = PBXFileReference; lastKnownFileType = sourcecode.swift; path = SplashViewController.swift; sourceTree = "<group>"; };
		D3774A20264C0113007D85E8 /* Aspasia.xcdatamodel */ = {isa = PBXFileReference; lastKnownFileType = wrapper.xcdatamodel; path = Aspasia.xcdatamodel; sourceTree = "<group>"; };
		D3774A22264C0114007D85E8 /* Assets.xcassets */ = {isa = PBXFileReference; lastKnownFileType = folder.assetcatalog; path = Assets.xcassets; sourceTree = "<group>"; };
		D3774A25264C0114007D85E8 /* Base */ = {isa = PBXFileReference; lastKnownFileType = file.storyboard; name = Base; path = Base.lproj/LaunchScreen.storyboard; sourceTree = "<group>"; };
		D3774A27264C0114007D85E8 /* Info.plist */ = {isa = PBXFileReference; lastKnownFileType = text.plist.xml; path = Info.plist; sourceTree = "<group>"; };
		D3962CFE267CBF0E0008A325 /* HomeViewController.swift */ = {isa = PBXFileReference; lastKnownFileType = sourcecode.swift; path = HomeViewController.swift; sourceTree = "<group>"; };
		D3962D04267CC1660008A325 /* VStackView.swift */ = {isa = PBXFileReference; lastKnownFileType = sourcecode.swift; path = VStackView.swift; sourceTree = "<group>"; };
		D3962D06267CCD0A0008A325 /* VStackScroll.swift */ = {isa = PBXFileReference; lastKnownFileType = sourcecode.swift; path = VStackScroll.swift; sourceTree = "<group>"; };
		D3B4B3B026AED6D50000147F /* Stackable.swift */ = {isa = PBXFileReference; lastKnownFileType = sourcecode.swift; path = Stackable.swift; sourceTree = "<group>"; };
		D3B4B3B226AED7080000147F /* HStackView.swift */ = {isa = PBXFileReference; lastKnownFileType = sourcecode.swift; path = HStackView.swift; sourceTree = "<group>"; };
		D3B4B3B426AEDC9E0000147F /* RootTabBarController.swift */ = {isa = PBXFileReference; lastKnownFileType = sourcecode.swift; path = RootTabBarController.swift; sourceTree = "<group>"; };
		D3B4B3B626AEDD110000147F /* HomeNavigationController.swift */ = {isa = PBXFileReference; lastKnownFileType = sourcecode.swift; path = HomeNavigationController.swift; sourceTree = "<group>"; };
/* End PBXFileReference section */

/* Begin PBXFrameworksBuildPhase section */
		D3774A10264C0113007D85E8 /* Frameworks */ = {
			isa = PBXFrameworksBuildPhase;
			buildActionMask = 2147483647;
			files = (
				32AEDE75EC8850EEAD08AF6A /* Pods_Aspasia.framework in Frameworks */,
			);
			runOnlyForDeploymentPostprocessing = 0;
		};
/* End PBXFrameworksBuildPhase section */

/* Begin PBXGroup section */
		24125B530D39FA4AA5094E6F /* Pods */ = {
			isa = PBXGroup;
			children = (
				84A3E1078BA4938B90AA76EA /* Pods-Aspasia.debug.xcconfig */,
				8C2BDF2B6D4041E6C474D456 /* Pods-Aspasia.release.xcconfig */,
			);
			path = Pods;
			sourceTree = "<group>";
		};
		32AC7BDF40CB9728EA502E40 /* Frameworks */ = {
			isa = PBXGroup;
			children = (
				1F9B5DAC6C7BBAA2F633285E /* Pods_Aspasia.framework */,
			);
			name = Frameworks;
			sourceTree = "<group>";
		};
		D3774A0A264C0113007D85E8 = {
			isa = PBXGroup;
			children = (
				D3774A15264C0113007D85E8 /* Aspasia */,
				D3774A14264C0113007D85E8 /* Products */,
				24125B530D39FA4AA5094E6F /* Pods */,
				32AC7BDF40CB9728EA502E40 /* Frameworks */,
			);
			sourceTree = "<group>";
		};
		D3774A14264C0113007D85E8 /* Products */ = {
			isa = PBXGroup;
			children = (
				D3774A13264C0113007D85E8 /* Aspasia.app */,
			);
			name = Products;
			sourceTree = "<group>";
		};
		D3774A15264C0113007D85E8 /* Aspasia */ = {
			isa = PBXGroup;
			children = (
				D3962D00267CBF330008A325 /* CustomView */,
				D3962CFD267CBEF90008A325 /* ViewController */,
				D3774A16264C0113007D85E8 /* AppDelegate.swift */,
				D3774A18264C0113007D85E8 /* SceneDelegate.swift */,
				D3774A1A264C0113007D85E8 /* SplashViewController.swift */,
				D3774A22264C0114007D85E8 /* Assets.xcassets */,
				D3774A24264C0114007D85E8 /* LaunchScreen.storyboard */,
				D3774A27264C0114007D85E8 /* Info.plist */,
				D3774A1F264C0113007D85E8 /* Aspasia.xcdatamodeld */,
			);
			path = Aspasia;
			sourceTree = "<group>";
		};
		D3962CFD267CBEF90008A325 /* ViewController */ = {
			isa = PBXGroup;
			children = (
				D3962CFE267CBF0E0008A325 /* HomeViewController.swift */,
				D3B4B3B426AEDC9E0000147F /* RootTabBarController.swift */,
				D3B4B3B626AEDD110000147F /* HomeNavigationController.swift */,
			);
			path = ViewController;
			sourceTree = "<group>";
		};
		D3962D00267CBF330008A325 /* CustomView */ = {
			isa = PBXGroup;
			children = (
				D3962D01267CBF700008A325 /* StackView */,
			);
			path = CustomView;
			sourceTree = "<group>";
		};
		D3962D01267CBF700008A325 /* StackView */ = {
			isa = PBXGroup;
			children = (
				D3B4B3B026AED6D50000147F /* Stackable.swift */,
				D3962D04267CC1660008A325 /* VStackView.swift */,
				D3962D06267CCD0A0008A325 /* VStackScroll.swift */,
				D3B4B3B226AED7080000147F /* HStackView.swift */,
			);
			path = StackView;
			sourceTree = "<group>";
		};
/* End PBXGroup section */

/* Begin PBXNativeTarget section */
		D3774A12264C0113007D85E8 /* Aspasia */ = {
			isa = PBXNativeTarget;
			buildConfigurationList = D3774A2A264C0114007D85E8 /* Build configuration list for PBXNativeTarget "Aspasia" */;
			buildPhases = (
				8D45014205D4BE89DD065DB7 /* [CP] Check Pods Manifest.lock */,
				D3774A0F264C0113007D85E8 /* Sources */,
				D3774A10264C0113007D85E8 /* Frameworks */,
				D3774A11264C0113007D85E8 /* Resources */,
				725A15371845B9203938C134 /* [CP] Embed Pods Frameworks */,
			);
			buildRules = (
			);
			dependencies = (
			);
			name = Aspasia;
			productName = Aspasia;
			productReference = D3774A13264C0113007D85E8 /* Aspasia.app */;
			productType = "com.apple.product-type.application";
		};
/* End PBXNativeTarget section */

/* Begin PBXProject section */
		D3774A0B264C0113007D85E8 /* Project object */ = {
			isa = PBXProject;
			attributes = {
				LastSwiftUpdateCheck = 1250;
				LastUpgradeCheck = 1250;
				TargetAttributes = {
					D3774A12264C0113007D85E8 = {
						CreatedOnToolsVersion = 12.5;
					};
				};
			};
			buildConfigurationList = D3774A0E264C0113007D85E8 /* Build configuration list for PBXProject "Aspasia" */;
			compatibilityVersion = "Xcode 9.3";
			developmentRegion = en;
			hasScannedForEncodings = 0;
			knownRegions = (
				en,
				Base,
			);
			mainGroup = D3774A0A264C0113007D85E8;
			productRefGroup = D3774A14264C0113007D85E8 /* Products */;
			projectDirPath = "";
			projectRoot = "";
			targets = (
				D3774A12264C0113007D85E8 /* Aspasia */,
			);
		};
/* End PBXProject section */

/* Begin PBXResourcesBuildPhase section */
		D3774A11264C0113007D85E8 /* Resources */ = {
			isa = PBXResourcesBuildPhase;
			buildActionMask = 2147483647;
			files = (
				D3774A26264C0114007D85E8 /* LaunchScreen.storyboard in Resources */,
				D3774A23264C0114007D85E8 /* Assets.xcassets in Resources */,
			);
			runOnlyForDeploymentPostprocessing = 0;
		};
/* End PBXResourcesBuildPhase section */

/* Begin PBXShellScriptBuildPhase section */
		725A15371845B9203938C134 /* [CP] Embed Pods Frameworks */ = {
			isa = PBXShellScriptBuildPhase;
			buildActionMask = 2147483647;
			files = (
			);
			inputFileListPaths = (
				"${PODS_ROOT}/Target Support Files/Pods-Aspasia/Pods-Aspasia-frameworks-${CONFIGURATION}-input-files.xcfilelist",
			);
			name = "[CP] Embed Pods Frameworks";
			outputFileListPaths = (
				"${PODS_ROOT}/Target Support Files/Pods-Aspasia/Pods-Aspasia-frameworks-${CONFIGURATION}-output-files.xcfilelist",
			);
			runOnlyForDeploymentPostprocessing = 0;
			shellPath = /bin/sh;
			shellScript = "\"${PODS_ROOT}/Target Support Files/Pods-Aspasia/Pods-Aspasia-frameworks.sh\"\n";
			showEnvVarsInLog = 0;
		};
		8D45014205D4BE89DD065DB7 /* [CP] Check Pods Manifest.lock */ = {
			isa = PBXShellScriptBuildPhase;
			buildActionMask = 2147483647;
			files = (
			);
			inputFileListPaths = (
			);
			inputPaths = (
				"${PODS_PODFILE_DIR_PATH}/Podfile.lock",
				"${PODS_ROOT}/Manifest.lock",
			);
			name = "[CP] Check Pods Manifest.lock";
			outputFileListPaths = (
			);
			outputPaths = (
				"$(DERIVED_FILE_DIR)/Pods-Aspasia-checkManifestLockResult.txt",
			);
			runOnlyForDeploymentPostprocessing = 0;
			shellPath = /bin/sh;
			shellScript = "diff \"${PODS_PODFILE_DIR_PATH}/Podfile.lock\" \"${PODS_ROOT}/Manifest.lock\" > /dev/null\nif [ $? != 0 ] ; then\n    # print error to STDERR\n    echo \"error: The sandbox is not in sync with the Podfile.lock. Run 'pod install' or update your CocoaPods installation.\" >&2\n    exit 1\nfi\n# This output is used by Xcode 'outputs' to avoid re-running this script phase.\necho \"SUCCESS\" > \"${SCRIPT_OUTPUT_FILE_0}\"\n";
			showEnvVarsInLog = 0;
		};
/* End PBXShellScriptBuildPhase section */

/* Begin PBXSourcesBuildPhase section */
		D3774A0F264C0113007D85E8 /* Sources */ = {
			isa = PBXSourcesBuildPhase;
			buildActionMask = 2147483647;
			files = (
				D3962D07267CCD0A0008A325 /* VStackScroll.swift in Sources */,
				D3B4B3B526AEDC9E0000147F /* RootTabBarController.swift in Sources */,
				D3962CFF267CBF0E0008A325 /* HomeViewController.swift in Sources */,
				D3774A1B264C0113007D85E8 /* SplashViewController.swift in Sources */,
				D3774A17264C0113007D85E8 /* AppDelegate.swift in Sources */,
				D3B4B3B726AEDD110000147F /* HomeNavigationController.swift in Sources */,
				D3B4B3B126AED6D50000147F /* Stackable.swift in Sources */,
				D3962D05267CC1660008A325 /* VStackView.swift in Sources */,
				D3774A21264C0113007D85E8 /* Aspasia.xcdatamodeld in Sources */,
				D3B4B3B326AED7080000147F /* HStackView.swift in Sources */,
				D3774A19264C0113007D85E8 /* SceneDelegate.swift in Sources */,
			);
			runOnlyForDeploymentPostprocessing = 0;
		};
/* End PBXSourcesBuildPhase section */

/* Begin PBXVariantGroup section */
		D3774A24264C0114007D85E8 /* LaunchScreen.storyboard */ = {
			isa = PBXVariantGroup;
			children = (
				D3774A25264C0114007D85E8 /* Base */,
			);
			name = LaunchScreen.storyboard;
			sourceTree = "<group>";
		};
/* End PBXVariantGroup section */

/* Begin XCBuildConfiguration section */
		D3774A28264C0114007D85E8 /* Debug */ = {
			isa = XCBuildConfiguration;
			buildSettings = {
				ALWAYS_SEARCH_USER_PATHS = NO;
				CLANG_ANALYZER_NONNULL = YES;
				CLANG_ANALYZER_NUMBER_OBJECT_CONVERSION = YES_AGGRESSIVE;
				CLANG_CXX_LANGUAGE_STANDARD = "gnu++14";
				CLANG_CXX_LIBRARY = "libc++";
				CLANG_ENABLE_MODULES = YES;
				CLANG_ENABLE_OBJC_ARC = YES;
				CLANG_ENABLE_OBJC_WEAK = YES;
				CLANG_WARN_BLOCK_CAPTURE_AUTORELEASING = YES;
				CLANG_WARN_BOOL_CONVERSION = YES;
				CLANG_WARN_COMMA = YES;
				CLANG_WARN_CONSTANT_CONVERSION = YES;
				CLANG_WARN_DEPRECATED_OBJC_IMPLEMENTATIONS = YES;
				CLANG_WARN_DIRECT_OBJC_ISA_USAGE = YES_ERROR;
				CLANG_WARN_DOCUMENTATION_COMMENTS = YES;
				CLANG_WARN_EMPTY_BODY = YES;
				CLANG_WARN_ENUM_CONVERSION = YES;
				CLANG_WARN_INFINITE_RECURSION = YES;
				CLANG_WARN_INT_CONVERSION = YES;
				CLANG_WARN_NON_LITERAL_NULL_CONVERSION = YES;
				CLANG_WARN_OBJC_IMPLICIT_RETAIN_SELF = YES;
				CLANG_WARN_OBJC_LITERAL_CONVERSION = YES;
				CLANG_WARN_OBJC_ROOT_CLASS = YES_ERROR;
				CLANG_WARN_QUOTED_INCLUDE_IN_FRAMEWORK_HEADER = YES;
				CLANG_WARN_RANGE_LOOP_ANALYSIS = YES;
				CLANG_WARN_STRICT_PROTOTYPES = YES;
				CLANG_WARN_SUSPICIOUS_MOVE = YES;
				CLANG_WARN_UNGUARDED_AVAILABILITY = YES_AGGRESSIVE;
				CLANG_WARN_UNREACHABLE_CODE = YES;
				CLANG_WARN__DUPLICATE_METHOD_MATCH = YES;
				COPY_PHASE_STRIP = NO;
				DEBUG_INFORMATION_FORMAT = dwarf;
				ENABLE_STRICT_OBJC_MSGSEND = YES;
				ENABLE_TESTABILITY = YES;
				GCC_C_LANGUAGE_STANDARD = gnu11;
				GCC_DYNAMIC_NO_PIC = NO;
				GCC_NO_COMMON_BLOCKS = YES;
				GCC_OPTIMIZATION_LEVEL = 0;
				GCC_PREPROCESSOR_DEFINITIONS = (
					"DEBUG=1",
					"$(inherited)",
				);
				GCC_WARN_64_TO_32_BIT_CONVERSION = YES;
				GCC_WARN_ABOUT_RETURN_TYPE = YES_ERROR;
				GCC_WARN_UNDECLARED_SELECTOR = YES;
				GCC_WARN_UNINITIALIZED_AUTOS = YES_AGGRESSIVE;
				GCC_WARN_UNUSED_FUNCTION = YES;
				GCC_WARN_UNUSED_VARIABLE = YES;
				IPHONEOS_DEPLOYMENT_TARGET = 14.5;
				MTL_ENABLE_DEBUG_INFO = INCLUDE_SOURCE;
				MTL_FAST_MATH = YES;
				ONLY_ACTIVE_ARCH = YES;
				SDKROOT = iphoneos;
				SWIFT_ACTIVE_COMPILATION_CONDITIONS = DEBUG;
				SWIFT_OPTIMIZATION_LEVEL = "-Onone";
			};
			name = Debug;
		};
		D3774A29264C0114007D85E8 /* Release */ = {
			isa = XCBuildConfiguration;
			buildSettings = {
				ALWAYS_SEARCH_USER_PATHS = NO;
				CLANG_ANALYZER_NONNULL = YES;
				CLANG_ANALYZER_NUMBER_OBJECT_CONVERSION = YES_AGGRESSIVE;
				CLANG_CXX_LANGUAGE_STANDARD = "gnu++14";
				CLANG_CXX_LIBRARY = "libc++";
				CLANG_ENABLE_MODULES = YES;
				CLANG_ENABLE_OBJC_ARC = YES;
				CLANG_ENABLE_OBJC_WEAK = YES;
				CLANG_WARN_BLOCK_CAPTURE_AUTORELEASING = YES;
				CLANG_WARN_BOOL_CONVERSION = YES;
				CLANG_WARN_COMMA = YES;
				CLANG_WARN_CONSTANT_CONVERSION = YES;
				CLANG_WARN_DEPRECATED_OBJC_IMPLEMENTATIONS = YES;
				CLANG_WARN_DIRECT_OBJC_ISA_USAGE = YES_ERROR;
				CLANG_WARN_DOCUMENTATION_COMMENTS = YES;
				CLANG_WARN_EMPTY_BODY = YES;
				CLANG_WARN_ENUM_CONVERSION = YES;
				CLANG_WARN_INFINITE_RECURSION = YES;
				CLANG_WARN_INT_CONVERSION = YES;
				CLANG_WARN_NON_LITERAL_NULL_CONVERSION = YES;
				CLANG_WARN_OBJC_IMPLICIT_RETAIN_SELF = YES;
				CLANG_WARN_OBJC_LITERAL_CONVERSION = YES;
				CLANG_WARN_OBJC_ROOT_CLASS = YES_ERROR;
				CLANG_WARN_QUOTED_INCLUDE_IN_FRAMEWORK_HEADER = YES;
				CLANG_WARN_RANGE_LOOP_ANALYSIS = YES;
				CLANG_WARN_STRICT_PROTOTYPES = YES;
				CLANG_WARN_SUSPICIOUS_MOVE = YES;
				CLANG_WARN_UNGUARDED_AVAILABILITY = YES_AGGRESSIVE;
				CLANG_WARN_UNREACHABLE_CODE = YES;
				CLANG_WARN__DUPLICATE_METHOD_MATCH = YES;
				COPY_PHASE_STRIP = NO;
				DEBUG_INFORMATION_FORMAT = "dwarf-with-dsym";
				ENABLE_NS_ASSERTIONS = NO;
				ENABLE_STRICT_OBJC_MSGSEND = YES;
				GCC_C_LANGUAGE_STANDARD = gnu11;
				GCC_NO_COMMON_BLOCKS = YES;
				GCC_WARN_64_TO_32_BIT_CONVERSION = YES;
				GCC_WARN_ABOUT_RETURN_TYPE = YES_ERROR;
				GCC_WARN_UNDECLARED_SELECTOR = YES;
				GCC_WARN_UNINITIALIZED_AUTOS = YES_AGGRESSIVE;
				GCC_WARN_UNUSED_FUNCTION = YES;
				GCC_WARN_UNUSED_VARIABLE = YES;
				IPHONEOS_DEPLOYMENT_TARGET = 14.5;
				MTL_ENABLE_DEBUG_INFO = NO;
				MTL_FAST_MATH = YES;
				SDKROOT = iphoneos;
				SWIFT_COMPILATION_MODE = wholemodule;
				SWIFT_OPTIMIZATION_LEVEL = "-O";
				VALIDATE_PRODUCT = YES;
			};
			name = Release;
		};
		D3774A2B264C0114007D85E8 /* Debug */ = {
			isa = XCBuildConfiguration;
			baseConfigurationReference = 84A3E1078BA4938B90AA76EA /* Pods-Aspasia.debug.xcconfig */;
			buildSettings = {
				ASSETCATALOG_COMPILER_APPICON_NAME = AppIcon;
				ASSETCATALOG_COMPILER_GLOBAL_ACCENT_COLOR_NAME = AccentColor;
				CODE_SIGN_STYLE = Automatic;
				DEVELOPMENT_TEAM = 36QX26G9F8;
				INFOPLIST_FILE = Aspasia/Info.plist;
				LD_RUNPATH_SEARCH_PATHS = (
					"$(inherited)",
					"@executable_path/Frameworks",
				);
				PRODUCT_BUNDLE_IDENTIFIER = com.eastroot.Aspasia;
				PRODUCT_NAME = "$(TARGET_NAME)";
				SWIFT_VERSION = 5.0;
				TARGETED_DEVICE_FAMILY = 1;
			};
			name = Debug;
		};
		D3774A2C264C0114007D85E8 /* Release */ = {
			isa = XCBuildConfiguration;
			baseConfigurationReference = 8C2BDF2B6D4041E6C474D456 /* Pods-Aspasia.release.xcconfig */;
			buildSettings = {
				ASSETCATALOG_COMPILER_APPICON_NAME = AppIcon;
				ASSETCATALOG_COMPILER_GLOBAL_ACCENT_COLOR_NAME = AccentColor;
				CODE_SIGN_STYLE = Automatic;
				DEVELOPMENT_TEAM = 36QX26G9F8;
				INFOPLIST_FILE = Aspasia/Info.plist;
				LD_RUNPATH_SEARCH_PATHS = (
					"$(inherited)",
					"@executable_path/Frameworks",
				);
				PRODUCT_BUNDLE_IDENTIFIER = com.eastroot.Aspasia;
				PRODUCT_NAME = "$(TARGET_NAME)";
				SWIFT_VERSION = 5.0;
				TARGETED_DEVICE_FAMILY = 1;
			};
			name = Release;
		};
/* End XCBuildConfiguration section */

/* Begin XCConfigurationList section */
		D3774A0E264C0113007D85E8 /* Build configuration list for PBXProject "Aspasia" */ = {
			isa = XCConfigurationList;
			buildConfigurations = (
				D3774A28264C0114007D85E8 /* Debug */,
				D3774A29264C0114007D85E8 /* Release */,
			);
			defaultConfigurationIsVisible = 0;
			defaultConfigurationName = Release;
		};
		D3774A2A264C0114007D85E8 /* Build configuration list for PBXNativeTarget "Aspasia" */ = {
			isa = XCConfigurationList;
			buildConfigurations = (
				D3774A2B264C0114007D85E8 /* Debug */,
				D3774A2C264C0114007D85E8 /* Release */,
			);
			defaultConfigurationIsVisible = 0;
			defaultConfigurationName = Release;
		};
/* End XCConfigurationList section */

/* Begin XCVersionGroup section */
		D3774A1F264C0113007D85E8 /* Aspasia.xcdatamodeld */ = {
			isa = XCVersionGroup;
			children = (
				D3774A20264C0113007D85E8 /* Aspasia.xcdatamodel */,
			);
			currentVersion = D3774A20264C0113007D85E8 /* Aspasia.xcdatamodel */;
			path = Aspasia.xcdatamodeld;
			sourceTree = "<group>";
			versionGroupType = wrapper.xcdatamodel;
		};
/* End XCVersionGroup section */
	};
	rootObject = D3774A0B264C0113007D85E8 /* Project object */;
}
