// !$*UTF8*$!
{
	archiveVersion = 1;
	classes = {
	};
	objectVersion = 51;
	objects = {

/* Begin PBXBuildFile section */
		32AEDE75EC8850EEAD08AF6A /* Pods_Aspasia.framework in Frameworks */ = {isa = PBXBuildFile; fileRef = 1F9B5DAC6C7BBAA2F633285E /* Pods_Aspasia.framework */; };
		D32EA3FC2729423100422191 /* PageScrollView.swift in Sources */ = {isa = PBXBuildFile; fileRef = D32EA3FB2729423100422191 /* PageScrollView.swift */; };
		D32EA3FF2729427600422191 /* AspasiaAlertController.swift in Sources */ = {isa = PBXBuildFile; fileRef = D32EA3FE2729427600422191 /* AspasiaAlertController.swift */; };
		D32EA401272942B900422191 /* AspasiaAlertAction.swift in Sources */ = {isa = PBXBuildFile; fileRef = D32EA400272942B900422191 /* AspasiaAlertAction.swift */; };
		D32EA403272942F900422191 /* AlertPresentationController.swift in Sources */ = {isa = PBXBuildFile; fileRef = D32EA402272942F900422191 /* AlertPresentationController.swift */; };
		D32EA4052729431300422191 /* AlertTransitionAnimator.swift in Sources */ = {isa = PBXBuildFile; fileRef = D32EA4042729431300422191 /* AlertTransitionAnimator.swift */; };
		D33989AA2743D41600F1D3C5 /* WorkoutGeneratorFlowLayout.swift in Sources */ = {isa = PBXBuildFile; fileRef = D33989A92743D41600F1D3C5 /* WorkoutGeneratorFlowLayout.swift */; };
		D33989AF2743D9D500F1D3C5 /* WorkoutCategory.swift in Sources */ = {isa = PBXBuildFile; fileRef = D33989AE2743D9D500F1D3C5 /* WorkoutCategory.swift */; };
		D33989B12743DA0D00F1D3C5 /* WorkoutPart.swift in Sources */ = {isa = PBXBuildFile; fileRef = D33989B02743DA0D00F1D3C5 /* WorkoutPart.swift */; };
		D33989B32743DC9B00F1D3C5 /* TemplateWorkout.swift in Sources */ = {isa = PBXBuildFile; fileRef = D33989B22743DC9B00F1D3C5 /* TemplateWorkout.swift */; };
		D33989B62743E31C00F1D3C5 /* EmptyWorkoutCell.swift in Sources */ = {isa = PBXBuildFile; fileRef = D33989B52743E31C00F1D3C5 /* EmptyWorkoutCell.swift */; };
		D340D3FD27369E13002A16DE /* Workouts.xcdatamodeld in Sources */ = {isa = PBXBuildFile; fileRef = D340D3FB27369E13002A16DE /* Workouts.xcdatamodeld */; };
		D340D460273BF39F002A16DE /* WorkoutGeneratorViewController.swift in Sources */ = {isa = PBXBuildFile; fileRef = D340D45F273BF39F002A16DE /* WorkoutGeneratorViewController.swift */; };
		D340D464273BF745002A16DE /* WorkoutHCollectionView.swift in Sources */ = {isa = PBXBuildFile; fileRef = D340D463273BF745002A16DE /* WorkoutHCollectionView.swift */; };
		D369732F26B6D14B00CCCEBC /* Workout.swift in Sources */ = {isa = PBXBuildFile; fileRef = D369732E26B6D14B00CCCEBC /* Workout.swift */; };
		D369735026BAC2D000CCCEBC /* String+Aspasia.swift in Sources */ = {isa = PBXBuildFile; fileRef = D369734F26BAC2D000CCCEBC /* String+Aspasia.swift */; };
		D369735426BAC86000CCCEBC /* CGFloat+Aspasia.swift in Sources */ = {isa = PBXBuildFile; fileRef = D369735326BAC86000CCCEBC /* CGFloat+Aspasia.swift */; };
		D3774A17264C0113007D85E8 /* AppDelegate.swift in Sources */ = {isa = PBXBuildFile; fileRef = D3774A16264C0113007D85E8 /* AppDelegate.swift */; };
		D3774A19264C0113007D85E8 /* SceneDelegate.swift in Sources */ = {isa = PBXBuildFile; fileRef = D3774A18264C0113007D85E8 /* SceneDelegate.swift */; };
		D3774A1B264C0113007D85E8 /* SplashViewController.swift in Sources */ = {isa = PBXBuildFile; fileRef = D3774A1A264C0113007D85E8 /* SplashViewController.swift */; };
		D3774A23264C0114007D85E8 /* Assets.xcassets in Resources */ = {isa = PBXBuildFile; fileRef = D3774A22264C0114007D85E8 /* Assets.xcassets */; };
		D3774A26264C0114007D85E8 /* LaunchScreen.storyboard in Resources */ = {isa = PBXBuildFile; fileRef = D3774A24264C0114007D85E8 /* LaunchScreen.storyboard */; };
		D3A156E827103F0100CDDCA6 /* HomeNavigationController.swift in Sources */ = {isa = PBXBuildFile; fileRef = D3A156E727103F0100CDDCA6 /* HomeNavigationController.swift */; };
		D3A156EA2710403300CDDCA6 /* HomeViewController.swift in Sources */ = {isa = PBXBuildFile; fileRef = D3A156E92710403300CDDCA6 /* HomeViewController.swift */; };
		D3A156ED2710446C00CDDCA6 /* ProfileView.swift in Sources */ = {isa = PBXBuildFile; fileRef = D3A156EC2710446C00CDDCA6 /* ProfileView.swift */; };
		D3AC3FFE26D5260400AA7D7C /* UIColor+Aspasia.swift in Sources */ = {isa = PBXBuildFile; fileRef = D3AC3FFD26D5260400AA7D7C /* UIColor+Aspasia.swift */; };
		D3AC400226D6677500AA7D7C /* UIView+Aspasia.swift in Sources */ = {isa = PBXBuildFile; fileRef = D3AC400126D6677500AA7D7C /* UIView+Aspasia.swift */; };
		D3AC400626D66AA300AA7D7C /* ExpandAnimator.swift in Sources */ = {isa = PBXBuildFile; fileRef = D3AC400526D66AA300AA7D7C /* ExpandAnimator.swift */; };
		D3AC400826D66BCA00AA7D7C /* Expandable.swift in Sources */ = {isa = PBXBuildFile; fileRef = D3AC400726D66BCA00AA7D7C /* Expandable.swift */; };
		D3AC400A26D66CF000AA7D7C /* ExpandPushAnimator.swift in Sources */ = {isa = PBXBuildFile; fileRef = D3AC400926D66CF000AA7D7C /* ExpandPushAnimator.swift */; };
		D3AC400C26D66D0400AA7D7C /* ExpandPopAnimator.swift in Sources */ = {isa = PBXBuildFile; fileRef = D3AC400B26D66D0400AA7D7C /* ExpandPopAnimator.swift */; };
		D3AC400E26D66DCC00AA7D7C /* UIViewController+Aspasia.swift in Sources */ = {isa = PBXBuildFile; fileRef = D3AC400D26D66DCC00AA7D7C /* UIViewController+Aspasia.swift */; };
		D3B4B3B526AEDC9E0000147F /* RootTabBarController.swift in Sources */ = {isa = PBXBuildFile; fileRef = D3B4B3B426AEDC9E0000147F /* RootTabBarController.swift */; };
		D3BDC87C27105E5B008239D7 /* HomeChartView.swift in Sources */ = {isa = PBXBuildFile; fileRef = D3BDC87B27105E5B008239D7 /* HomeChartView.swift */; };
		D3BDC87E271854C7008239D7 /* UIImage+Aspasia.swift in Sources */ = {isa = PBXBuildFile; fileRef = D3BDC87D271854C7008239D7 /* UIImage+Aspasia.swift */; };
		D3BDC88727203309008239D7 /* Routine.swift in Sources */ = {isa = PBXBuildFile; fileRef = D3BDC88627203309008239D7 /* Routine.swift */; };
		D3BDC88927203949008239D7 /* WorkoutSet.swift in Sources */ = {isa = PBXBuildFile; fileRef = D3BDC88827203949008239D7 /* WorkoutSet.swift */; };
		D3BDC88B27203A63008239D7 /* WorkoutNavigationController.swift in Sources */ = {isa = PBXBuildFile; fileRef = D3BDC88A27203A63008239D7 /* WorkoutNavigationController.swift */; };
		D3BDC88D27203AA5008239D7 /* WorkoutHomeViewController.swift in Sources */ = {isa = PBXBuildFile; fileRef = D3BDC88C27203AA5008239D7 /* WorkoutHomeViewController.swift */; };
		D3BDC88F272040C0008239D7 /* Catalog.swift in Sources */ = {isa = PBXBuildFile; fileRef = D3BDC88E272040C0008239D7 /* Catalog.swift */; };
		D3BDC89127204DB4008239D7 /* CatalogTableCell.swift in Sources */ = {isa = PBXBuildFile; fileRef = D3BDC89027204DB4008239D7 /* CatalogTableCell.swift */; };
		D3BDC8932720519C008239D7 /* WorkoutCardCell.swift in Sources */ = {isa = PBXBuildFile; fileRef = D3BDC8922720519B008239D7 /* WorkoutCardCell.swift */; };
		D3BDC89827219ED3008239D7 /* WorkoutPlayerViewController.swift in Sources */ = {isa = PBXBuildFile; fileRef = D3BDC89727219ED3008239D7 /* WorkoutPlayerViewController.swift */; };
		D3F8056E2749043C00EC1FEB /* TemplateWorkoutView.swift in Sources */ = {isa = PBXBuildFile; fileRef = D3F8056D2749043C00EC1FEB /* TemplateWorkoutView.swift */; };
		D3F8057327491DE900EC1FEB /* WorkoutSelectorCell.swift in Sources */ = {isa = PBXBuildFile; fileRef = D3F8057227491DE900EC1FEB /* WorkoutSelectorCell.swift */; };
		D3F80577274A4EB800EC1FEB /* WorkoutSelectorViewController.swift in Sources */ = {isa = PBXBuildFile; fileRef = D3F80576274A4EB800EC1FEB /* WorkoutSelectorViewController.swift */; };
		D3F80579274A510200EC1FEB /* SelectionPhase.swift in Sources */ = {isa = PBXBuildFile; fileRef = D3F80578274A510200EC1FEB /* SelectionPhase.swift */; };
/* End PBXBuildFile section */

/* Begin PBXFileReference section */
		1F9B5DAC6C7BBAA2F633285E /* Pods_Aspasia.framework */ = {isa = PBXFileReference; explicitFileType = wrapper.framework; includeInIndex = 0; path = Pods_Aspasia.framework; sourceTree = BUILT_PRODUCTS_DIR; };
		84A3E1078BA4938B90AA76EA /* Pods-Aspasia.debug.xcconfig */ = {isa = PBXFileReference; includeInIndex = 1; lastKnownFileType = text.xcconfig; name = "Pods-Aspasia.debug.xcconfig"; path = "Target Support Files/Pods-Aspasia/Pods-Aspasia.debug.xcconfig"; sourceTree = "<group>"; };
		8C2BDF2B6D4041E6C474D456 /* Pods-Aspasia.release.xcconfig */ = {isa = PBXFileReference; includeInIndex = 1; lastKnownFileType = text.xcconfig; name = "Pods-Aspasia.release.xcconfig"; path = "Target Support Files/Pods-Aspasia/Pods-Aspasia.release.xcconfig"; sourceTree = "<group>"; };
		D32EA3FB2729423100422191 /* PageScrollView.swift */ = {isa = PBXFileReference; lastKnownFileType = sourcecode.swift; path = PageScrollView.swift; sourceTree = "<group>"; };
		D32EA3FE2729427600422191 /* AspasiaAlertController.swift */ = {isa = PBXFileReference; lastKnownFileType = sourcecode.swift; path = AspasiaAlertController.swift; sourceTree = "<group>"; };
		D32EA400272942B900422191 /* AspasiaAlertAction.swift */ = {isa = PBXFileReference; lastKnownFileType = sourcecode.swift; path = AspasiaAlertAction.swift; sourceTree = "<group>"; };
		D32EA402272942F900422191 /* AlertPresentationController.swift */ = {isa = PBXFileReference; lastKnownFileType = sourcecode.swift; path = AlertPresentationController.swift; sourceTree = "<group>"; };
		D32EA4042729431300422191 /* AlertTransitionAnimator.swift */ = {isa = PBXFileReference; lastKnownFileType = sourcecode.swift; path = AlertTransitionAnimator.swift; sourceTree = "<group>"; };
		D33989A92743D41600F1D3C5 /* WorkoutGeneratorFlowLayout.swift */ = {isa = PBXFileReference; lastKnownFileType = sourcecode.swift; path = WorkoutGeneratorFlowLayout.swift; sourceTree = "<group>"; };
		D33989AE2743D9D500F1D3C5 /* WorkoutCategory.swift */ = {isa = PBXFileReference; lastKnownFileType = sourcecode.swift; path = WorkoutCategory.swift; sourceTree = "<group>"; };
		D33989B02743DA0D00F1D3C5 /* WorkoutPart.swift */ = {isa = PBXFileReference; lastKnownFileType = sourcecode.swift; path = WorkoutPart.swift; sourceTree = "<group>"; };
		D33989B22743DC9B00F1D3C5 /* TemplateWorkout.swift */ = {isa = PBXFileReference; lastKnownFileType = sourcecode.swift; path = TemplateWorkout.swift; sourceTree = "<group>"; };
		D33989B52743E31C00F1D3C5 /* EmptyWorkoutCell.swift */ = {isa = PBXFileReference; lastKnownFileType = sourcecode.swift; path = EmptyWorkoutCell.swift; sourceTree = "<group>"; };
		D340D3FC27369E13002A16DE /* Workouts.xcdatamodel */ = {isa = PBXFileReference; explicitFileType = wrapper.xcdatamodel; path = Workouts.xcdatamodel; sourceTree = "<group>"; };
		D340D45F273BF39F002A16DE /* WorkoutGeneratorViewController.swift */ = {isa = PBXFileReference; lastKnownFileType = sourcecode.swift; path = WorkoutGeneratorViewController.swift; sourceTree = "<group>"; };
		D340D463273BF745002A16DE /* WorkoutHCollectionView.swift */ = {isa = PBXFileReference; lastKnownFileType = sourcecode.swift; path = WorkoutHCollectionView.swift; sourceTree = "<group>"; };
		D369732E26B6D14B00CCCEBC /* Workout.swift */ = {isa = PBXFileReference; lastKnownFileType = sourcecode.swift; path = Workout.swift; sourceTree = "<group>"; };
		D369734F26BAC2D000CCCEBC /* String+Aspasia.swift */ = {isa = PBXFileReference; lastKnownFileType = sourcecode.swift; path = "String+Aspasia.swift"; sourceTree = "<group>"; };
		D369735326BAC86000CCCEBC /* CGFloat+Aspasia.swift */ = {isa = PBXFileReference; lastKnownFileType = sourcecode.swift; path = "CGFloat+Aspasia.swift"; sourceTree = "<group>"; };
		D3774A13264C0113007D85E8 /* Aspasia.app */ = {isa = PBXFileReference; explicitFileType = wrapper.application; includeInIndex = 0; path = Aspasia.app; sourceTree = BUILT_PRODUCTS_DIR; };
		D3774A16264C0113007D85E8 /* AppDelegate.swift */ = {isa = PBXFileReference; lastKnownFileType = sourcecode.swift; path = AppDelegate.swift; sourceTree = "<group>"; };
		D3774A18264C0113007D85E8 /* SceneDelegate.swift */ = {isa = PBXFileReference; lastKnownFileType = sourcecode.swift; path = SceneDelegate.swift; sourceTree = "<group>"; };
		D3774A1A264C0113007D85E8 /* SplashViewController.swift */ = {isa = PBXFileReference; lastKnownFileType = sourcecode.swift; path = SplashViewController.swift; sourceTree = "<group>"; };
		D3774A22264C0114007D85E8 /* Assets.xcassets */ = {isa = PBXFileReference; lastKnownFileType = folder.assetcatalog; path = Assets.xcassets; sourceTree = "<group>"; };
		D3774A25264C0114007D85E8 /* Base */ = {isa = PBXFileReference; lastKnownFileType = file.storyboard; name = Base; path = Base.lproj/LaunchScreen.storyboard; sourceTree = "<group>"; };
		D3774A27264C0114007D85E8 /* Info.plist */ = {isa = PBXFileReference; lastKnownFileType = text.plist.xml; path = Info.plist; sourceTree = "<group>"; };
		D3A156E727103F0100CDDCA6 /* HomeNavigationController.swift */ = {isa = PBXFileReference; lastKnownFileType = sourcecode.swift; path = HomeNavigationController.swift; sourceTree = "<group>"; };
		D3A156E92710403300CDDCA6 /* HomeViewController.swift */ = {isa = PBXFileReference; lastKnownFileType = sourcecode.swift; path = HomeViewController.swift; sourceTree = "<group>"; };
		D3A156EC2710446C00CDDCA6 /* ProfileView.swift */ = {isa = PBXFileReference; lastKnownFileType = sourcecode.swift; path = ProfileView.swift; sourceTree = "<group>"; };
		D3AC3FFD26D5260400AA7D7C /* UIColor+Aspasia.swift */ = {isa = PBXFileReference; lastKnownFileType = sourcecode.swift; path = "UIColor+Aspasia.swift"; sourceTree = "<group>"; };
		D3AC400126D6677500AA7D7C /* UIView+Aspasia.swift */ = {isa = PBXFileReference; lastKnownFileType = sourcecode.swift; path = "UIView+Aspasia.swift"; sourceTree = "<group>"; };
		D3AC400526D66AA300AA7D7C /* ExpandAnimator.swift */ = {isa = PBXFileReference; lastKnownFileType = sourcecode.swift; path = ExpandAnimator.swift; sourceTree = "<group>"; };
		D3AC400726D66BCA00AA7D7C /* Expandable.swift */ = {isa = PBXFileReference; lastKnownFileType = sourcecode.swift; path = Expandable.swift; sourceTree = "<group>"; };
		D3AC400926D66CF000AA7D7C /* ExpandPushAnimator.swift */ = {isa = PBXFileReference; lastKnownFileType = sourcecode.swift; path = ExpandPushAnimator.swift; sourceTree = "<group>"; };
		D3AC400B26D66D0400AA7D7C /* ExpandPopAnimator.swift */ = {isa = PBXFileReference; lastKnownFileType = sourcecode.swift; path = ExpandPopAnimator.swift; sourceTree = "<group>"; };
		D3AC400D26D66DCC00AA7D7C /* UIViewController+Aspasia.swift */ = {isa = PBXFileReference; lastKnownFileType = sourcecode.swift; path = "UIViewController+Aspasia.swift"; sourceTree = "<group>"; };
		D3B4B3B426AEDC9E0000147F /* RootTabBarController.swift */ = {isa = PBXFileReference; lastKnownFileType = sourcecode.swift; path = RootTabBarController.swift; sourceTree = "<group>"; };
		D3BDC87B27105E5B008239D7 /* HomeChartView.swift */ = {isa = PBXFileReference; lastKnownFileType = sourcecode.swift; path = HomeChartView.swift; sourceTree = "<group>"; };
		D3BDC87D271854C7008239D7 /* UIImage+Aspasia.swift */ = {isa = PBXFileReference; lastKnownFileType = sourcecode.swift; path = "UIImage+Aspasia.swift"; sourceTree = "<group>"; };
		D3BDC88627203309008239D7 /* Routine.swift */ = {isa = PBXFileReference; lastKnownFileType = sourcecode.swift; path = Routine.swift; sourceTree = "<group>"; };
		D3BDC88827203949008239D7 /* WorkoutSet.swift */ = {isa = PBXFileReference; lastKnownFileType = sourcecode.swift; path = WorkoutSet.swift; sourceTree = "<group>"; };
		D3BDC88A27203A63008239D7 /* WorkoutNavigationController.swift */ = {isa = PBXFileReference; lastKnownFileType = sourcecode.swift; path = WorkoutNavigationController.swift; sourceTree = "<group>"; };
		D3BDC88C27203AA5008239D7 /* WorkoutHomeViewController.swift */ = {isa = PBXFileReference; lastKnownFileType = sourcecode.swift; path = WorkoutHomeViewController.swift; sourceTree = "<group>"; };
		D3BDC88E272040C0008239D7 /* Catalog.swift */ = {isa = PBXFileReference; lastKnownFileType = sourcecode.swift; path = Catalog.swift; sourceTree = "<group>"; };
		D3BDC89027204DB4008239D7 /* CatalogTableCell.swift */ = {isa = PBXFileReference; lastKnownFileType = sourcecode.swift; path = CatalogTableCell.swift; sourceTree = "<group>"; };
		D3BDC8922720519B008239D7 /* WorkoutCardCell.swift */ = {isa = PBXFileReference; lastKnownFileType = sourcecode.swift; path = WorkoutCardCell.swift; sourceTree = "<group>"; };
		D3BDC89727219ED3008239D7 /* WorkoutPlayerViewController.swift */ = {isa = PBXFileReference; lastKnownFileType = sourcecode.swift; path = WorkoutPlayerViewController.swift; sourceTree = "<group>"; };
		D3F8056D2749043C00EC1FEB /* TemplateWorkoutView.swift */ = {isa = PBXFileReference; lastKnownFileType = sourcecode.swift; path = TemplateWorkoutView.swift; sourceTree = "<group>"; };
		D3F8057227491DE900EC1FEB /* WorkoutSelectorCell.swift */ = {isa = PBXFileReference; lastKnownFileType = sourcecode.swift; path = WorkoutSelectorCell.swift; sourceTree = "<group>"; };
		D3F80576274A4EB800EC1FEB /* WorkoutSelectorViewController.swift */ = {isa = PBXFileReference; lastKnownFileType = sourcecode.swift; path = WorkoutSelectorViewController.swift; sourceTree = "<group>"; };
		D3F80578274A510200EC1FEB /* SelectionPhase.swift */ = {isa = PBXFileReference; lastKnownFileType = sourcecode.swift; path = SelectionPhase.swift; sourceTree = "<group>"; };
/* End PBXFileReference section */

/* Begin PBXFrameworksBuildPhase section */
		D3774A10264C0113007D85E8 /* Frameworks */ = {
			isa = PBXFrameworksBuildPhase;
			buildActionMask = 2147483647;
			files = (
				32AEDE75EC8850EEAD08AF6A /* Pods_Aspasia.framework in Frameworks */,
			);
			runOnlyForDeploymentPostprocessing = 0;
		};
/* End PBXFrameworksBuildPhase section */

/* Begin PBXGroup section */
		24125B530D39FA4AA5094E6F /* Pods */ = {
			isa = PBXGroup;
			children = (
				84A3E1078BA4938B90AA76EA /* Pods-Aspasia.debug.xcconfig */,
				8C2BDF2B6D4041E6C474D456 /* Pods-Aspasia.release.xcconfig */,
			);
			path = Pods;
			sourceTree = "<group>";
		};
		32AC7BDF40CB9728EA502E40 /* Frameworks */ = {
			isa = PBXGroup;
			children = (
				1F9B5DAC6C7BBAA2F633285E /* Pods_Aspasia.framework */,
			);
			name = Frameworks;
			sourceTree = "<group>";
		};
		D32EA3F92729421300422191 /* Components */ = {
			isa = PBXGroup;
			children = (
				D33989BA2747CFCD00F1D3C5 /* Appearance */,
				D33989B42743E30700F1D3C5 /* Workout */,
				D33989A82743D3D600F1D3C5 /* Layout */,
				D32EA3FD2729424C00422191 /* AspasiaAlertController */,
				D32EA3FA2729422000422191 /* PageScrollView */,
			);
			path = Components;
			sourceTree = "<group>";
		};
		D32EA3FA2729422000422191 /* PageScrollView */ = {
			isa = PBXGroup;
			children = (
				D32EA3FB2729423100422191 /* PageScrollView.swift */,
			);
			path = PageScrollView;
			sourceTree = "<group>";
		};
		D32EA3FD2729424C00422191 /* AspasiaAlertController */ = {
			isa = PBXGroup;
			children = (
				D32EA3FE2729427600422191 /* AspasiaAlertController.swift */,
				D32EA400272942B900422191 /* AspasiaAlertAction.swift */,
				D32EA402272942F900422191 /* AlertPresentationController.swift */,
				D32EA4042729431300422191 /* AlertTransitionAnimator.swift */,
			);
			path = AspasiaAlertController;
			sourceTree = "<group>";
		};
		D33989A82743D3D600F1D3C5 /* Layout */ = {
			isa = PBXGroup;
			children = (
				D33989A92743D41600F1D3C5 /* WorkoutGeneratorFlowLayout.swift */,
			);
			path = Layout;
			sourceTree = "<group>";
		};
		D33989B42743E30700F1D3C5 /* Workout */ = {
			isa = PBXGroup;
			children = (
				D3F8057127491DC600EC1FEB /* WorkoutSelector */,
				D340D463273BF745002A16DE /* WorkoutHCollectionView.swift */,
				D3BDC8922720519B008239D7 /* WorkoutCardCell.swift */,
				D33989B52743E31C00F1D3C5 /* EmptyWorkoutCell.swift */,
				D3F8056D2749043C00EC1FEB /* TemplateWorkoutView.swift */,
			);
			path = Workout;
			sourceTree = "<group>";
		};
		D33989BA2747CFCD00F1D3C5 /* Appearance */ = {
			isa = PBXGroup;
			children = (
			);
			path = Appearance;
			sourceTree = "<group>";
		};
		D340D45E273BF341002A16DE /* WorkoutGenerator */ = {
			isa = PBXGroup;
			children = (
				D340D45F273BF39F002A16DE /* WorkoutGeneratorViewController.swift */,
				D3F80576274A4EB800EC1FEB /* WorkoutSelectorViewController.swift */,
			);
			path = WorkoutGenerator;
			sourceTree = "<group>";
		};
		D340D461273BF5C7002A16DE /* WorkoutHome */ = {
			isa = PBXGroup;
			children = (
				D3BDC88C27203AA5008239D7 /* WorkoutHomeViewController.swift */,
			);
			path = WorkoutHome;
			sourceTree = "<group>";
		};
		D340D462273BF72A002A16DE /* Component */ = {
			isa = PBXGroup;
			children = (
				D3BDC89027204DB4008239D7 /* CatalogTableCell.swift */,
			);
			path = Component;
			sourceTree = "<group>";
		};
		D369732D26B6D13E00CCCEBC /* Data */ = {
			isa = PBXGroup;
			children = (
				D369733426B6D36A00CCCEBC /* Workout */,
				D3BDC88E272040C0008239D7 /* Catalog.swift */,
			);
			path = Data;
			sourceTree = "<group>";
		};
		D369733426B6D36A00CCCEBC /* Workout */ = {
			isa = PBXGroup;
			children = (
				D3BDC88627203309008239D7 /* Routine.swift */,
				D369732E26B6D14B00CCCEBC /* Workout.swift */,
				D3BDC88827203949008239D7 /* WorkoutSet.swift */,
				D33989AE2743D9D500F1D3C5 /* WorkoutCategory.swift */,
				D33989B02743DA0D00F1D3C5 /* WorkoutPart.swift */,
				D33989B22743DC9B00F1D3C5 /* TemplateWorkout.swift */,
				D3F80578274A510200EC1FEB /* SelectionPhase.swift */,
			);
			path = Workout;
			sourceTree = "<group>";
		};
		D369734E26BAC2C300CCCEBC /* Foundation */ = {
			isa = PBXGroup;
			children = (
				D369734F26BAC2D000CCCEBC /* String+Aspasia.swift */,
			);
			path = Foundation;
			sourceTree = "<group>";
		};
		D369735126BAC84900CCCEBC /* UIKit */ = {
			isa = PBXGroup;
			children = (
				D369735226BAC85600CCCEBC /* CoreGraphic */,
				D3AC3FFD26D5260400AA7D7C /* UIColor+Aspasia.swift */,
				D3AC400126D6677500AA7D7C /* UIView+Aspasia.swift */,
				D3AC400D26D66DCC00AA7D7C /* UIViewController+Aspasia.swift */,
				D3BDC87D271854C7008239D7 /* UIImage+Aspasia.swift */,
			);
			path = UIKit;
			sourceTree = "<group>";
		};
		D369735226BAC85600CCCEBC /* CoreGraphic */ = {
			isa = PBXGroup;
			children = (
				D369735326BAC86000CCCEBC /* CGFloat+Aspasia.swift */,
			);
			path = CoreGraphic;
			sourceTree = "<group>";
		};
		D3774A0A264C0113007D85E8 = {
			isa = PBXGroup;
			children = (
				D3774A15264C0113007D85E8 /* Aspasia */,
				D3774A14264C0113007D85E8 /* Products */,
				24125B530D39FA4AA5094E6F /* Pods */,
				32AC7BDF40CB9728EA502E40 /* Frameworks */,
			);
			sourceTree = "<group>";
		};
		D3774A14264C0113007D85E8 /* Products */ = {
			isa = PBXGroup;
			children = (
				D3774A13264C0113007D85E8 /* Aspasia.app */,
			);
			name = Products;
			sourceTree = "<group>";
		};
		D3774A15264C0113007D85E8 /* Aspasia */ = {
			isa = PBXGroup;
			children = (
				D369734E26BAC2C300CCCEBC /* Foundation */,
				D369735126BAC84900CCCEBC /* UIKit */,
				D369732D26B6D13E00CCCEBC /* Data */,
				D3AC400326D66A8400AA7D7C /* Animation */,
				D3962CFD267CBEF90008A325 /* ViewController */,
				D32EA3F92729421300422191 /* Components */,
				D3774A16264C0113007D85E8 /* AppDelegate.swift */,
				D3774A18264C0113007D85E8 /* SceneDelegate.swift */,
				D3774A1A264C0113007D85E8 /* SplashViewController.swift */,
				D3774A22264C0114007D85E8 /* Assets.xcassets */,
				D3774A24264C0114007D85E8 /* LaunchScreen.storyboard */,
				D3774A27264C0114007D85E8 /* Info.plist */,
				D340D3FB27369E13002A16DE /* Workouts.xcdatamodeld */,
			);
			path = Aspasia;
			sourceTree = "<group>";
		};
		D3962CFD267CBEF90008A325 /* ViewController */ = {
			isa = PBXGroup;
			children = (
				D3BDC88527202CE5008239D7 /* Workout */,
				D3A156E627103EEB00CDDCA6 /* Home */,
				D3B4B3B426AEDC9E0000147F /* RootTabBarController.swift */,
			);
			path = ViewController;
			sourceTree = "<group>";
		};
		D3A156E627103EEB00CDDCA6 /* Home */ = {
			isa = PBXGroup;
			children = (
				D3A156EB2710444400CDDCA6 /* HomeComponent */,
				D3A156E92710403300CDDCA6 /* HomeViewController.swift */,
				D3A156E727103F0100CDDCA6 /* HomeNavigationController.swift */,
			);
			path = Home;
			sourceTree = "<group>";
		};
		D3A156EB2710444400CDDCA6 /* HomeComponent */ = {
			isa = PBXGroup;
			children = (
				D3A156EC2710446C00CDDCA6 /* ProfileView.swift */,
				D3BDC87B27105E5B008239D7 /* HomeChartView.swift */,
			);
			path = HomeComponent;
			sourceTree = "<group>";
		};
		D3AC400326D66A8400AA7D7C /* Animation */ = {
			isa = PBXGroup;
			children = (
				D3AC400426D66A9200AA7D7C /* ExpandAnimator */,
			);
			path = Animation;
			sourceTree = "<group>";
		};
		D3AC400426D66A9200AA7D7C /* ExpandAnimator */ = {
			isa = PBXGroup;
			children = (
				D3AC400726D66BCA00AA7D7C /* Expandable.swift */,
				D3AC400526D66AA300AA7D7C /* ExpandAnimator.swift */,
				D3AC400926D66CF000AA7D7C /* ExpandPushAnimator.swift */,
				D3AC400B26D66D0400AA7D7C /* ExpandPopAnimator.swift */,
			);
			path = ExpandAnimator;
			sourceTree = "<group>";
		};
		D3BDC88527202CE5008239D7 /* Workout */ = {
			isa = PBXGroup;
			children = (
				D340D462273BF72A002A16DE /* Component */,
				D340D461273BF5C7002A16DE /* WorkoutHome */,
				D340D45E273BF341002A16DE /* WorkoutGenerator */,
				D3BDC89627219E96008239D7 /* WorkoutPlayer */,
				D3BDC88A27203A63008239D7 /* WorkoutNavigationController.swift */,
			);
			path = Workout;
			sourceTree = "<group>";
		};
		D3BDC89627219E96008239D7 /* WorkoutPlayer */ = {
			isa = PBXGroup;
			children = (
				D3BDC89727219ED3008239D7 /* WorkoutPlayerViewController.swift */,
			);
			path = WorkoutPlayer;
			sourceTree = "<group>";
		};
		D3F8057127491DC600EC1FEB /* WorkoutSelector */ = {
			isa = PBXGroup;
			children = (
				D3F8057227491DE900EC1FEB /* WorkoutSelectorCell.swift */,
			);
			path = WorkoutSelector;
			sourceTree = "<group>";
		};
/* End PBXGroup section */

/* Begin PBXNativeTarget section */
		D3774A12264C0113007D85E8 /* Aspasia */ = {
			isa = PBXNativeTarget;
			buildConfigurationList = D3774A2A264C0114007D85E8 /* Build configuration list for PBXNativeTarget "Aspasia" */;
			buildPhases = (
				8D45014205D4BE89DD065DB7 /* [CP] Check Pods Manifest.lock */,
				D3774A0F264C0113007D85E8 /* Sources */,
				D3774A10264C0113007D85E8 /* Frameworks */,
				D3774A11264C0113007D85E8 /* Resources */,
				C93F7517B733AB6CD0DBC8B7 /* [CP] Embed Pods Frameworks */,
			);
			buildRules = (
			);
			dependencies = (
			);
			name = Aspasia;
			productName = Aspasia;
			productReference = D3774A13264C0113007D85E8 /* Aspasia.app */;
			productType = "com.apple.product-type.application";
		};
/* End PBXNativeTarget section */

/* Begin PBXProject section */
		D3774A0B264C0113007D85E8 /* Project object */ = {
			isa = PBXProject;
			attributes = {
				LastSwiftUpdateCheck = 1250;
				LastUpgradeCheck = 1250;
				TargetAttributes = {
					D3774A12264C0113007D85E8 = {
						CreatedOnToolsVersion = 12.5;
					};
				};
			};
			buildConfigurationList = D3774A0E264C0113007D85E8 /* Build configuration list for PBXProject "Aspasia" */;
			compatibilityVersion = "Xcode 9.3";
			developmentRegion = en;
			hasScannedForEncodings = 0;
			knownRegions = (
				en,
				Base,
			);
			mainGroup = D3774A0A264C0113007D85E8;
			productRefGroup = D3774A14264C0113007D85E8 /* Products */;
			projectDirPath = "";
			projectRoot = "";
			targets = (
				D3774A12264C0113007D85E8 /* Aspasia */,
			);
		};
/* End PBXProject section */

/* Begin PBXResourcesBuildPhase section */
		D3774A11264C0113007D85E8 /* Resources */ = {
			isa = PBXResourcesBuildPhase;
			buildActionMask = 2147483647;
			files = (
				D3774A26264C0114007D85E8 /* LaunchScreen.storyboard in Resources */,
				D3774A23264C0114007D85E8 /* Assets.xcassets in Resources */,
			);
			runOnlyForDeploymentPostprocessing = 0;
		};
/* End PBXResourcesBuildPhase section */

/* Begin PBXShellScriptBuildPhase section */
		8D45014205D4BE89DD065DB7 /* [CP] Check Pods Manifest.lock */ = {
			isa = PBXShellScriptBuildPhase;
			buildActionMask = 2147483647;
			files = (
			);
			inputFileListPaths = (
			);
			inputPaths = (
				"${PODS_PODFILE_DIR_PATH}/Podfile.lock",
				"${PODS_ROOT}/Manifest.lock",
			);
			name = "[CP] Check Pods Manifest.lock";
			outputFileListPaths = (
			);
			outputPaths = (
				"$(DERIVED_FILE_DIR)/Pods-Aspasia-checkManifestLockResult.txt",
			);
			runOnlyForDeploymentPostprocessing = 0;
			shellPath = /bin/sh;
			shellScript = "diff \"${PODS_PODFILE_DIR_PATH}/Podfile.lock\" \"${PODS_ROOT}/Manifest.lock\" > /dev/null\nif [ $? != 0 ] ; then\n    # print error to STDERR\n    echo \"error: The sandbox is not in sync with the Podfile.lock. Run 'pod install' or update your CocoaPods installation.\" >&2\n    exit 1\nfi\n# This output is used by Xcode 'outputs' to avoid re-running this script phase.\necho \"SUCCESS\" > \"${SCRIPT_OUTPUT_FILE_0}\"\n";
			showEnvVarsInLog = 0;
		};
		C93F7517B733AB6CD0DBC8B7 /* [CP] Embed Pods Frameworks */ = {
			isa = PBXShellScriptBuildPhase;
			buildActionMask = 2147483647;
			files = (
			);
			inputFileListPaths = (
				"${PODS_ROOT}/Target Support Files/Pods-Aspasia/Pods-Aspasia-frameworks-${CONFIGURATION}-input-files.xcfilelist",
			);
			name = "[CP] Embed Pods Frameworks";
			outputFileListPaths = (
				"${PODS_ROOT}/Target Support Files/Pods-Aspasia/Pods-Aspasia-frameworks-${CONFIGURATION}-output-files.xcfilelist",
			);
			runOnlyForDeploymentPostprocessing = 0;
			shellPath = /bin/sh;
			shellScript = "\"${PODS_ROOT}/Target Support Files/Pods-Aspasia/Pods-Aspasia-frameworks.sh\"\n";
			showEnvVarsInLog = 0;
		};
/* End PBXShellScriptBuildPhase section */

/* Begin PBXSourcesBuildPhase section */
		D3774A0F264C0113007D85E8 /* Sources */ = {
			isa = PBXSourcesBuildPhase;
			buildActionMask = 2147483647;
			files = (
				D3BDC88F272040C0008239D7 /* Catalog.swift in Sources */,
				D3F8057327491DE900EC1FEB /* WorkoutSelectorCell.swift in Sources */,
				D3B4B3B526AEDC9E0000147F /* RootTabBarController.swift in Sources */,
				D3BDC8932720519C008239D7 /* WorkoutCardCell.swift in Sources */,
				D340D3FD27369E13002A16DE /* Workouts.xcdatamodeld in Sources */,
				D3AC400C26D66D0400AA7D7C /* ExpandPopAnimator.swift in Sources */,
				D3774A1B264C0113007D85E8 /* SplashViewController.swift in Sources */,
				D340D460273BF39F002A16DE /* WorkoutGeneratorViewController.swift in Sources */,
				D3A156EA2710403300CDDCA6 /* HomeViewController.swift in Sources */,
				D32EA3FC2729423100422191 /* PageScrollView.swift in Sources */,
				D369732F26B6D14B00CCCEBC /* Workout.swift in Sources */,
				D369735026BAC2D000CCCEBC /* String+Aspasia.swift in Sources */,
				D33989B62743E31C00F1D3C5 /* EmptyWorkoutCell.swift in Sources */,
				D33989AF2743D9D500F1D3C5 /* WorkoutCategory.swift in Sources */,
				D3BDC88927203949008239D7 /* WorkoutSet.swift in Sources */,
				D3BDC89827219ED3008239D7 /* WorkoutPlayerViewController.swift in Sources */,
				D3AC400A26D66CF000AA7D7C /* ExpandPushAnimator.swift in Sources */,
				D340D464273BF745002A16DE /* WorkoutHCollectionView.swift in Sources */,
				D3774A17264C0113007D85E8 /* AppDelegate.swift in Sources */,
				D3BDC88727203309008239D7 /* Routine.swift in Sources */,
				D369735426BAC86000CCCEBC /* CGFloat+Aspasia.swift in Sources */,
				D33989AA2743D41600F1D3C5 /* WorkoutGeneratorFlowLayout.swift in Sources */,
				D3F80579274A510200EC1FEB /* SelectionPhase.swift in Sources */,
				D3AC400626D66AA300AA7D7C /* ExpandAnimator.swift in Sources */,
				D3BDC88B27203A63008239D7 /* WorkoutNavigationController.swift in Sources */,
				D3A156E827103F0100CDDCA6 /* HomeNavigationController.swift in Sources */,
				D33989B12743DA0D00F1D3C5 /* WorkoutPart.swift in Sources */,
				D3F80577274A4EB800EC1FEB /* WorkoutSelectorViewController.swift in Sources */,
				D3AC3FFE26D5260400AA7D7C /* UIColor+Aspasia.swift in Sources */,
				D3774A19264C0113007D85E8 /* SceneDelegate.swift in Sources */,
				D3BDC87C27105E5B008239D7 /* HomeChartView.swift in Sources */,
				D3BDC89127204DB4008239D7 /* CatalogTableCell.swift in Sources */,
				D32EA3FF2729427600422191 /* AspasiaAlertController.swift in Sources */,
				D3AC400E26D66DCC00AA7D7C /* UIViewController+Aspasia.swift in Sources */,
				D3AC400826D66BCA00AA7D7C /* Expandable.swift in Sources */,
				D3A156ED2710446C00CDDCA6 /* ProfileView.swift in Sources */,
				D3BDC88D27203AA5008239D7 /* WorkoutHomeViewController.swift in Sources */,
				D32EA403272942F900422191 /* AlertPresentationController.swift in Sources */,
				D32EA4052729431300422191 /* AlertTransitionAnimator.swift in Sources */,
				D33989B32743DC9B00F1D3C5 /* TemplateWorkout.swift in Sources */,
				D3F8056E2749043C00EC1FEB /* TemplateWorkoutView.swift in Sources */,
				D3BDC87E271854C7008239D7 /* UIImage+Aspasia.swift in Sources */,
				D32EA401272942B900422191 /* AspasiaAlertAction.swift in Sources */,
				D3AC400226D6677500AA7D7C /* UIView+Aspasia.swift in Sources */,
			);
			runOnlyForDeploymentPostprocessing = 0;
		};
/* End PBXSourcesBuildPhase section */

/* Begin PBXVariantGroup section */
		D3774A24264C0114007D85E8 /* LaunchScreen.storyboard */ = {
			isa = PBXVariantGroup;
			children = (
				D3774A25264C0114007D85E8 /* Base */,
			);
			name = LaunchScreen.storyboard;
			sourceTree = "<group>";
		};
/* End PBXVariantGroup section */

/* Begin XCBuildConfiguration section */
		D3774A28264C0114007D85E8 /* Debug */ = {
			isa = XCBuildConfiguration;
			buildSettings = {
				ALWAYS_SEARCH_USER_PATHS = NO;
				CLANG_ANALYZER_NONNULL = YES;
				CLANG_ANALYZER_NUMBER_OBJECT_CONVERSION = YES_AGGRESSIVE;
				CLANG_CXX_LANGUAGE_STANDARD = "gnu++14";
				CLANG_CXX_LIBRARY = "libc++";
				CLANG_ENABLE_MODULES = YES;
				CLANG_ENABLE_OBJC_ARC = YES;
				CLANG_ENABLE_OBJC_WEAK = YES;
				CLANG_WARN_BLOCK_CAPTURE_AUTORELEASING = YES;
				CLANG_WARN_BOOL_CONVERSION = YES;
				CLANG_WARN_COMMA = YES;
				CLANG_WARN_CONSTANT_CONVERSION = YES;
				CLANG_WARN_DEPRECATED_OBJC_IMPLEMENTATIONS = YES;
				CLANG_WARN_DIRECT_OBJC_ISA_USAGE = YES_ERROR;
				CLANG_WARN_DOCUMENTATION_COMMENTS = YES;
				CLANG_WARN_EMPTY_BODY = YES;
				CLANG_WARN_ENUM_CONVERSION = YES;
				CLANG_WARN_INFINITE_RECURSION = YES;
				CLANG_WARN_INT_CONVERSION = YES;
				CLANG_WARN_NON_LITERAL_NULL_CONVERSION = YES;
				CLANG_WARN_OBJC_IMPLICIT_RETAIN_SELF = YES;
				CLANG_WARN_OBJC_LITERAL_CONVERSION = YES;
				CLANG_WARN_OBJC_ROOT_CLASS = YES_ERROR;
				CLANG_WARN_QUOTED_INCLUDE_IN_FRAMEWORK_HEADER = YES;
				CLANG_WARN_RANGE_LOOP_ANALYSIS = YES;
				CLANG_WARN_STRICT_PROTOTYPES = YES;
				CLANG_WARN_SUSPICIOUS_MOVE = YES;
				CLANG_WARN_UNGUARDED_AVAILABILITY = YES_AGGRESSIVE;
				CLANG_WARN_UNREACHABLE_CODE = YES;
				CLANG_WARN__DUPLICATE_METHOD_MATCH = YES;
				COPY_PHASE_STRIP = NO;
				DEBUG_INFORMATION_FORMAT = dwarf;
				ENABLE_STRICT_OBJC_MSGSEND = YES;
				ENABLE_TESTABILITY = YES;
				GCC_C_LANGUAGE_STANDARD = gnu11;
				GCC_DYNAMIC_NO_PIC = NO;
				GCC_NO_COMMON_BLOCKS = YES;
				GCC_OPTIMIZATION_LEVEL = 0;
				GCC_PREPROCESSOR_DEFINITIONS = (
					"DEBUG=1",
					"$(inherited)",
				);
				GCC_WARN_64_TO_32_BIT_CONVERSION = YES;
				GCC_WARN_ABOUT_RETURN_TYPE = YES_ERROR;
				GCC_WARN_UNDECLARED_SELECTOR = YES;
				GCC_WARN_UNINITIALIZED_AUTOS = YES_AGGRESSIVE;
				GCC_WARN_UNUSED_FUNCTION = YES;
				GCC_WARN_UNUSED_VARIABLE = YES;
				IPHONEOS_DEPLOYMENT_TARGET = 14.5;
				MTL_ENABLE_DEBUG_INFO = INCLUDE_SOURCE;
				MTL_FAST_MATH = YES;
				ONLY_ACTIVE_ARCH = YES;
				SDKROOT = iphoneos;
				SWIFT_ACTIVE_COMPILATION_CONDITIONS = DEBUG;
				SWIFT_OPTIMIZATION_LEVEL = "-Onone";
			};
			name = Debug;
		};
		D3774A29264C0114007D85E8 /* Release */ = {
			isa = XCBuildConfiguration;
			buildSettings = {
				ALWAYS_SEARCH_USER_PATHS = NO;
				CLANG_ANALYZER_NONNULL = YES;
				CLANG_ANALYZER_NUMBER_OBJECT_CONVERSION = YES_AGGRESSIVE;
				CLANG_CXX_LANGUAGE_STANDARD = "gnu++14";
				CLANG_CXX_LIBRARY = "libc++";
				CLANG_ENABLE_MODULES = YES;
				CLANG_ENABLE_OBJC_ARC = YES;
				CLANG_ENABLE_OBJC_WEAK = YES;
				CLANG_WARN_BLOCK_CAPTURE_AUTORELEASING = YES;
				CLANG_WARN_BOOL_CONVERSION = YES;
				CLANG_WARN_COMMA = YES;
				CLANG_WARN_CONSTANT_CONVERSION = YES;
				CLANG_WARN_DEPRECATED_OBJC_IMPLEMENTATIONS = YES;
				CLANG_WARN_DIRECT_OBJC_ISA_USAGE = YES_ERROR;
				CLANG_WARN_DOCUMENTATION_COMMENTS = YES;
				CLANG_WARN_EMPTY_BODY = YES;
				CLANG_WARN_ENUM_CONVERSION = YES;
				CLANG_WARN_INFINITE_RECURSION = YES;
				CLANG_WARN_INT_CONVERSION = YES;
				CLANG_WARN_NON_LITERAL_NULL_CONVERSION = YES;
				CLANG_WARN_OBJC_IMPLICIT_RETAIN_SELF = YES;
				CLANG_WARN_OBJC_LITERAL_CONVERSION = YES;
				CLANG_WARN_OBJC_ROOT_CLASS = YES_ERROR;
				CLANG_WARN_QUOTED_INCLUDE_IN_FRAMEWORK_HEADER = YES;
				CLANG_WARN_RANGE_LOOP_ANALYSIS = YES;
				CLANG_WARN_STRICT_PROTOTYPES = YES;
				CLANG_WARN_SUSPICIOUS_MOVE = YES;
				CLANG_WARN_UNGUARDED_AVAILABILITY = YES_AGGRESSIVE;
				CLANG_WARN_UNREACHABLE_CODE = YES;
				CLANG_WARN__DUPLICATE_METHOD_MATCH = YES;
				COPY_PHASE_STRIP = NO;
				DEBUG_INFORMATION_FORMAT = "dwarf-with-dsym";
				ENABLE_NS_ASSERTIONS = NO;
				ENABLE_STRICT_OBJC_MSGSEND = YES;
				GCC_C_LANGUAGE_STANDARD = gnu11;
				GCC_NO_COMMON_BLOCKS = YES;
				GCC_WARN_64_TO_32_BIT_CONVERSION = YES;
				GCC_WARN_ABOUT_RETURN_TYPE = YES_ERROR;
				GCC_WARN_UNDECLARED_SELECTOR = YES;
				GCC_WARN_UNINITIALIZED_AUTOS = YES_AGGRESSIVE;
				GCC_WARN_UNUSED_FUNCTION = YES;
				GCC_WARN_UNUSED_VARIABLE = YES;
				IPHONEOS_DEPLOYMENT_TARGET = 14.5;
				MTL_ENABLE_DEBUG_INFO = NO;
				MTL_FAST_MATH = YES;
				SDKROOT = iphoneos;
				SWIFT_COMPILATION_MODE = wholemodule;
				SWIFT_OPTIMIZATION_LEVEL = "-O";
				VALIDATE_PRODUCT = YES;
			};
			name = Release;
		};
		D3774A2B264C0114007D85E8 /* Debug */ = {
			isa = XCBuildConfiguration;
			baseConfigurationReference = 84A3E1078BA4938B90AA76EA /* Pods-Aspasia.debug.xcconfig */;
			buildSettings = {
				ASSETCATALOG_COMPILER_APPICON_NAME = AppIcon;
				ASSETCATALOG_COMPILER_GLOBAL_ACCENT_COLOR_NAME = AccentColor;
				CODE_SIGN_STYLE = Automatic;
				DEVELOPMENT_TEAM = 36QX26G9F8;
				INFOPLIST_FILE = Aspasia/Info.plist;
				LD_RUNPATH_SEARCH_PATHS = (
					"$(inherited)",
					"@executable_path/Frameworks",
				);
				PRODUCT_BUNDLE_IDENTIFIER = com.eastroot.Aspasia;
				PRODUCT_NAME = "$(TARGET_NAME)";
				SWIFT_VERSION = 5.0;
				TARGETED_DEVICE_FAMILY = 1;
			};
			name = Debug;
		};
		D3774A2C264C0114007D85E8 /* Release */ = {
			isa = XCBuildConfiguration;
			baseConfigurationReference = 8C2BDF2B6D4041E6C474D456 /* Pods-Aspasia.release.xcconfig */;
			buildSettings = {
				ASSETCATALOG_COMPILER_APPICON_NAME = AppIcon;
				ASSETCATALOG_COMPILER_GLOBAL_ACCENT_COLOR_NAME = AccentColor;
				CODE_SIGN_STYLE = Automatic;
				DEVELOPMENT_TEAM = 36QX26G9F8;
				INFOPLIST_FILE = Aspasia/Info.plist;
				LD_RUNPATH_SEARCH_PATHS = (
					"$(inherited)",
					"@executable_path/Frameworks",
				);
				PRODUCT_BUNDLE_IDENTIFIER = com.eastroot.Aspasia;
				PRODUCT_NAME = "$(TARGET_NAME)";
				SWIFT_VERSION = 5.0;
				TARGETED_DEVICE_FAMILY = 1;
			};
			name = Release;
		};
/* End XCBuildConfiguration section */

/* Begin XCConfigurationList section */
		D3774A0E264C0113007D85E8 /* Build configuration list for PBXProject "Aspasia" */ = {
			isa = XCConfigurationList;
			buildConfigurations = (
				D3774A28264C0114007D85E8 /* Debug */,
				D3774A29264C0114007D85E8 /* Release */,
			);
			defaultConfigurationIsVisible = 0;
			defaultConfigurationName = Release;
		};
		D3774A2A264C0114007D85E8 /* Build configuration list for PBXNativeTarget "Aspasia" */ = {
			isa = XCConfigurationList;
			buildConfigurations = (
				D3774A2B264C0114007D85E8 /* Debug */,
				D3774A2C264C0114007D85E8 /* Release */,
			);
			defaultConfigurationIsVisible = 0;
			defaultConfigurationName = Release;
		};
/* End XCConfigurationList section */

/* Begin XCVersionGroup section */
		D340D3FB27369E13002A16DE /* Workouts.xcdatamodeld */ = {
			isa = XCVersionGroup;
			children = (
				D340D3FC27369E13002A16DE /* Workouts.xcdatamodel */,
			);
			currentVersion = D340D3FC27369E13002A16DE /* Workouts.xcdatamodel */;
			name = Workouts.xcdatamodeld;
			path = ../Workouts.xcdatamodeld;
			sourceTree = "<group>";
			versionGroupType = wrapper.xcdatamodel;
		};
/* End XCVersionGroup section */
	};
	rootObject = D3774A0B264C0113007D85E8 /* Project object */;
}
